
Microsoft Visual Studio Solution File, Format Version 12.00
# Visual Studio Version 16
VisualStudioVersion = 16.0.30011.22
MinimumVisualStudioVersion = 10.0.40219.1
Project("{FAE04EC0-301F-11D3-BF4B-00C04F79EFBC}") = "Aula60", "Aula60.csproj", "{2F51BF84-4AFC-4FF8-9AC5-6297A1D588E4}"
EndProject
Global
	GlobalSection(SolutionConfigurationPlatforms) = preSolution
		Debug|Any CPU = Debug|Any CPU
		Release|Any CPU = Release|Any CPU
	EndGlobalSection
	GlobalSection(ProjectConfigurationPlatforms) = postSolution
		{2F51BF84-4AFC-4FF8-9AC5-6297A1D588E4}.Debug|Any CPU.ActiveCfg = Debug|Any CPU
		{2F51BF84-4AFC-4FF8-9AC5-6297A1D588E4}.Debug|Any CPU.Build.0 = Debug|Any CPU
		{2F51BF84-4AFC-4FF8-9AC5-6297A1D588E4}.Release|Any CPU.ActiveCfg = Release|Any CPU
		{2F51BF84-4AFC-4FF8-9AC5-6297A1D588E4}.Release|Any CPU.Build.0 = Release|Any CPU
	EndGlobalSection
	GlobalSection(SolutionProperties) = preSolution
		HideSolutionNode = FALSE
	EndGlobalSection
	GlobalSection(ExtensibilityGlobals) = postSolution
		SolutionGuid = {A02F4320-F276-4635-80BF-33B389AF3B9D}
	EndGlobalSection
EndGlobal
